
Microsoft Visual Studio Solution File, Format Version 12.00
# Visual Studio Version 17
VisualStudioVersion = 17.5.33530.505
MinimumVisualStudioVersion = 10.0.40219.1
Project("{FAE04EC0-301F-11D3-BF4B-00C04F79EFBC}") = "Git_Test_Project", "Git_Test_Project.csproj", "{191FF15B-B0E0-442D-9660-7F2675986A0B}"
EndProject
Global
	GlobalSection(SolutionConfigurationPlatforms) = preSolution
		Debug|Any CPU = Debug|Any CPU
		Release|Any CPU = Release|Any CPU
	EndGlobalSection
	GlobalSection(ProjectConfigurationPlatforms) = postSolution
		{191FF15B-B0E0-442D-9660-7F2675986A0B}.Debug|Any CPU.ActiveCfg = Debug|Any CPU
		{191FF15B-B0E0-442D-9660-7F2675986A0B}.Debug|Any CPU.Build.0 = Debug|Any CPU
		{191FF15B-B0E0-442D-9660-7F2675986A0B}.Release|Any CPU.ActiveCfg = Release|Any CPU
		{191FF15B-B0E0-442D-9660-7F2675986A0B}.Release|Any CPU.Build.0 = Release|Any CPU
	EndGlobalSection
	GlobalSection(SolutionProperties) = preSolution
		HideSolutionNode = FALSE
	EndGlobalSection
	GlobalSection(ExtensibilityGlobals) = postSolution
		SolutionGuid = {9A7DCECA-AFF8-4DA0-86EA-55AB73440780}
	EndGlobalSection
EndGlobal
